{
  "version": 4,
  "terraform_version": "1.13.4",
  "serial": 7,
  "lineage": "578ecefc-7847-0370-d7b4-4c43bd872ef1",
  "outputs": {
    "cloudsql_instance_connection_name": {
      "value": "project-d32ee496-2293-49eb-90d:europe-west1:blog-sql",
      "type": "string"
    },
    "cloudsql_service_account_email": {
      "value": "cloudsql-sa@project-d32ee496-2293-49eb-90d.iam.gserviceaccount.com",
      "type": "string"
    }
  },
  "resources": [
    {
      "mode": "managed",
      "type": "google_service_account",
      "name": "cloudsql_sa",
      "provider": "provider[\"registry.terraform.io/hashicorp/google\"]",
      "instances": [
        {
          "schema_version": 0,
          "attributes": {
            "account_id": "cloudsql-sa",
            "create_ignore_already_exists": null,
            "description": "",
            "disabled": false,
            "display_name": "Service Account pour Cloud SQL",
            "email": "cloudsql-sa@project-d32ee496-2293-49eb-90d.iam.gserviceaccount.com",
            "id": "projects/project-d32ee496-2293-49eb-90d/serviceAccounts/cloudsql-sa@project-d32ee496-2293-49eb-90d.iam.gserviceaccount.com",
            "member": "serviceAccount:cloudsql-sa@project-d32ee496-2293-49eb-90d.iam.gserviceaccount.com",
            "name": "projects/project-d32ee496-2293-49eb-90d/serviceAccounts/cloudsql-sa@project-d32ee496-2293-49eb-90d.iam.gserviceaccount.com",
            "project": "project-d32ee496-2293-49eb-90d",
            "timeouts": null,
            "unique_id": "116168371171712049545"
          },
          "sensitive_attributes": [],
          "identity_schema_version": 0,
          "private": "eyJlMmJmYjczMC1lY2FhLTExZTYtOGY4OC0zNDM2M2JjN2M0YzAiOnsiY3JlYXRlIjozMDAwMDAwMDAwMDB9fQ=="
        }
      ]
    },
    {
      "mode": "managed",
      "type": "google_sql_database",
      "name": "blog_db",
      "provider": "provider[\"registry.terraform.io/hashicorp/google\"]",
      "instances": [
        {
          "schema_version": 0,
          "attributes": {
            "charset": "UTF8",
            "collation": "en_US.UTF8",
            "deletion_policy": "DELETE",
            "id": "projects/project-d32ee496-2293-49eb-90d/instances/blog-sql/databases/blog",
            "instance": "blog-sql",
            "name": "blog",
            "project": "project-d32ee496-2293-49eb-90d",
            "self_link": "https://sqladmin.googleapis.com/sql/v1beta4/projects/project-d32ee496-2293-49eb-90d/instances/blog-sql/databases/blog",
            "timeouts": null
          },
          "sensitive_attributes": [],
          "identity_schema_version": 0,
          "private": "eyJlMmJmYjczMC1lY2FhLTExZTYtOGY4OC0zNDM2M2JjN2M0YzAiOnsiY3JlYXRlIjoxMjAwMDAwMDAwMDAwLCJkZWxldGUiOjEyMDAwMDAwMDAwMDAsInVwZGF0ZSI6MTIwMDAwMDAwMDAwMH19",
          "dependencies": [
            "google_sql_database_instance.blog_instance"
          ]
        }
      ]
    },
    {
      "mode": "managed",
      "type": "google_sql_database_instance",
      "name": "blog_instance",
      "provider": "provider[\"registry.terraform.io/hashicorp/google\"]",
      "instances": [
        {
          "schema_version": 0,
          "attributes": {
            "available_maintenance_versions": [],
            "clone": [],
            "connection_name": "project-d32ee496-2293-49eb-90d:europe-west1:blog-sql",
            "database_version": "POSTGRES_15",
            "deletion_protection": true,
            "dns_name": "",
            "encryption_key_name": null,
            "first_ip_address": "34.77.126.97",
            "id": "blog-sql",
            "instance_type": "CLOUD_SQL_INSTANCE",
            "ip_address": [
              {
                "ip_address": "34.77.126.97",
                "time_to_retire": "",
                "type": "PRIMARY"
              },
              {
                "ip_address": "34.76.18.144",
                "time_to_retire": "",
                "type": "OUTGOING"
              }
            ],
            "maintenance_version": "POSTGRES_15_15.R20251004.01_26",
            "master_instance_name": "",
            "name": "blog-sql",
            "private_ip_address": "",
            "project": "project-d32ee496-2293-49eb-90d",
            "psc_service_attachment_link": "",
            "public_ip_address": "34.77.126.97",
            "region": "europe-west1",
            "replica_configuration": [],
            "restore_backup_context": [],
            "root_password": null,
            "self_link": "https://sqladmin.googleapis.com/sql/v1beta4/projects/project-d32ee496-2293-49eb-90d/instances/blog-sql",
            "server_ca_cert": [
              {
                "cert": "-----BEGIN CERTIFICATE-----\nMIIDfzCCAmegAwIBAgIBADANBgkqhkiG9w0BAQsFADB3MS0wKwYDVQQuEyQ4YzRm\nNWVhYS01OTliLTRlNjktYTI4Ny02NTgzOGNhZWE4NjgxIzAhBgNVBAMTGkdvb2ds\nZSBDbG91ZCBTUUwgU2VydmVyIENBMRQwEgYDVQQKEwtHb29nbGUsIEluYzELMAkG\nA1UEBhMCVVMwHhcNMjUxMjIxMTQ1OTAzWhcNMzUxMjE5MTUwMDAzWjB3MS0wKwYD\nVQQuEyQ4YzRmNWVhYS01OTliLTRlNjktYTI4Ny02NTgzOGNhZWE4NjgxIzAhBgNV\nBAMTGkdvb2dsZSBDbG91ZCBTUUwgU2VydmVyIENBMRQwEgYDVQQKEwtHb29nbGUs\nIEluYzELMAkGA1UEBhMCVVMwggEiMA0GCSqGSIb3DQEBAQUAA4IBDwAwggEKAoIB\nAQCm1+xwNYtM0TjdyxrALNChXFzWGj3eL3rrOsP3ReO3CYgi3o9V5AqiL1U/li6g\nRfQO4XVmDJc96LIATr4bsZn9MR68fCmiQHoSdKwy2eoun7eDwOtRMPKdE1MOqbKp\nbP6FQtLztZf6r3D/FUvjfYCZjreRiTRpUXAHd9iIk1cMuKHEN/C3wSPUWsqVweBU\nWoxyxWl/V7SQSOE45E9Z+sP4AUmAlanLrnRDyUceEwPNP57HDeo63u9JxeS09OiW\nwB4pETd5V+6CfFwjtoekn+sl/QG4iGRIU+biKJRojbgy1mYbhgsZhDpwnlq4j7hl\nzHyky7L2+IliuKXR+kCBvF0PAgMBAAGjFjAUMBIGA1UdEwEB/wQIMAYBAf8CAQAw\nDQYJKoZIhvcNAQELBQADggEBAAZV5C4XCQvWT6PJZB9ZZjwY/+o9yhLGlFmZToIN\n/rJ+NH0ltehD8R2J79q3apB02SCxzH+wmvDe+k82hYbkLuWR5QktiKXgQ1knW0eF\nHh8+ecMzFFl53e+Tq9mfbMZyGr4B/4OSpT/KfXOOgfyzaKdqXgrL+ff0w38jZHpg\n26dlb1Whd3Xut6kHXeDa/ZwLgdNZs6OPcPVJATWE6MGFG/RmE2IexxnEEBCrfOoj\npqdSLY6qvpyabOYUUNOzLKRAaZiOxzgG41lWwvQUCqA8IshRv//r9RCBD8aA5o36\nWN5zupSrnG2Lt1co3GgJnCI2qqiIAaFXFUsfizUXR/g0oVQ=\n-----END CERTIFICATE-----",
                "common_name": "C=US,O=Google\\, Inc,CN=Google Cloud SQL Server CA,dnQualifier=8c4f5eaa-599b-4e69-a287-65838caea868",
                "create_time": "2025-12-21T14:59:03.220Z",
                "expiration_time": "2035-12-19T15:00:03.220Z",
                "sha1_fingerprint": "dc4c9c29f795043e249f8ab74864f986caef7a77"
              }
            ],
            "service_account_email_address": "p528114190626-75pnku@gcp-sa-cloud-sql.iam.gserviceaccount.com",
            "settings": [
              {
                "activation_policy": "ALWAYS",
                "active_directory_config": [],
                "advanced_machine_features": [],
                "availability_type": "ZONAL",
                "backup_configuration": [
                  {
                    "backup_retention_settings": [
                      {
                        "retained_backups": 7,
                        "retention_unit": "COUNT"
                      }
                    ],
                    "binary_log_enabled": false,
                    "enabled": false,
                    "location": "",
                    "point_in_time_recovery_enabled": false,
                    "start_time": "04:00",
                    "transaction_log_retention_days": 7
                  }
                ],
                "collation": "",
                "connector_enforcement": "NOT_REQUIRED",
                "data_cache_config": [],
                "database_flags": [],
                "deletion_protection_enabled": false,
                "deny_maintenance_period": [],
                "disk_autoresize": true,
                "disk_autoresize_limit": 0,
                "disk_size": 10,
                "disk_type": "PD_SSD",
                "edition": "ENTERPRISE",
                "enable_dataplex_integration": false,
                "enable_google_ml_integration": false,
                "insights_config": [],
                "ip_configuration": [
                  {
                    "allocated_ip_range": "",
                    "authorized_networks": [],
                    "enable_private_path_for_google_cloud_services": false,
                    "ipv4_enabled": true,
                    "private_network": "",
                    "psc_config": [],
                    "require_ssl": false,
                    "server_ca_mode": "GOOGLE_MANAGED_INTERNAL_CA",
                    "ssl_mode": ""
                  }
                ],
                "location_preference": [
                  {
                    "follow_gae_application": "",
                    "secondary_zone": "",
                    "zone": "europe-west1-d"
                  }
                ],
                "maintenance_window": [],
                "password_validation_policy": [],
                "pricing_plan": "PER_USE",
                "sql_server_audit_config": [],
                "tier": "db-f1-micro",
                "time_zone": "",
                "user_labels": {},
                "version": 1
              }
            ],
            "timeouts": null
          },
          "sensitive_attributes": [
            [
              {
                "type": "get_attr",
                "value": "root_password"
              }
            ],
            [
              {
                "type": "get_attr",
                "value": "server_ca_cert"
              }
            ]
          ],
          "identity_schema_version": 0,
          "private": "eyJlMmJmYjczMC1lY2FhLTExZTYtOGY4OC0zNDM2M2JjN2M0YzAiOnsiY3JlYXRlIjo1NDAwMDAwMDAwMDAwLCJkZWxldGUiOjU0MDAwMDAwMDAwMDAsInVwZGF0ZSI6NTQwMDAwMDAwMDAwMH19"
        }
      ]
    },
    {
      "mode": "managed",
      "type": "google_sql_user",
      "name": "blog_read",
      "provider": "provider[\"registry.terraform.io/hashicorp/google\"]",
      "instances": [
        {
          "schema_version": 1,
          "attributes": {
            "deletion_policy": null,
            "host": "",
            "id": "blog_read//blog-sql",
            "instance": "blog-sql",
            "name": "blog_read",
            "password": "motdepasseLectureSecurise",
            "password_policy": [],
            "project": "project-d32ee496-2293-49eb-90d",
            "sql_server_user_details": [],
            "timeouts": null,
            "type": ""
          },
          "sensitive_attributes": [
            [
              {
                "type": "get_attr",
                "value": "password"
              }
            ]
          ],
          "identity_schema_version": 0,
          "private": "eyJlMmJmYjczMC1lY2FhLTExZTYtOGY4OC0zNDM2M2JjN2M0YzAiOnsiY3JlYXRlIjo2MDAwMDAwMDAwMDAsImRlbGV0ZSI6NjAwMDAwMDAwMDAwLCJ1cGRhdGUiOjYwMDAwMDAwMDAwMH0sInNjaGVtYV92ZXJzaW9uIjoiMSJ9",
          "dependencies": [
            "google_sql_database_instance.blog_instance"
          ]
        }
      ]
    },
    {
      "mode": "managed",
      "type": "google_sql_user",
      "name": "blog_write",
      "provider": "provider[\"registry.terraform.io/hashicorp/google\"]",
      "instances": [
        {
          "schema_version": 1,
          "attributes": {
            "deletion_policy": null,
            "host": "",
            "id": "blog_write//blog-sql",
            "instance": "blog-sql",
            "name": "blog_write",
            "password": "motdepasseEcritureSecurise",
            "password_policy": [],
            "project": "project-d32ee496-2293-49eb-90d",
            "sql_server_user_details": [],
            "timeouts": null,
            "type": ""
          },
          "sensitive_attributes": [
            [
              {
                "type": "get_attr",
                "value": "password"
              }
            ]
          ],
          "identity_schema_version": 0,
          "private": "eyJlMmJmYjczMC1lY2FhLTExZTYtOGY4OC0zNDM2M2JjN2M0YzAiOnsiY3JlYXRlIjo2MDAwMDAwMDAwMDAsImRlbGV0ZSI6NjAwMDAwMDAwMDAwLCJ1cGRhdGUiOjYwMDAwMDAwMDAwMH0sInNjaGVtYV92ZXJzaW9uIjoiMSJ9",
          "dependencies": [
            "google_sql_database_instance.blog_instance"
          ]
        }
      ]
    },
    {
      "mode": "managed",
      "type": "null_resource",
      "name": "grant_read_only",
      "provider": "provider[\"registry.terraform.io/hashicorp/null\"]",
      "instances": [
        {
          "status": "tainted",
          "schema_version": 0,
          "attributes": {
            "id": "5136147564316461657",
            "triggers": null
          },
          "sensitive_attributes": [],
          "identity_schema_version": 0,
          "dependencies": [
            "google_sql_database.blog_db",
            "google_sql_database_instance.blog_instance",
            "google_sql_user.blog_read",
            "google_sql_user.blog_write"
          ]
        }
      ]
    }
  ],
  "check_results": null
}
